
Microsoft Visual Studio Solution File, Format Version 12.00
# Visual Studio Version 17
VisualStudioVersion = 17.5.33627.172
MinimumVisualStudioVersion = 10.0.40219.1
Project("{8BC9CEB8-8B4A-11D0-8D11-00A0C91BC942}") = "Project1", "Project1\Project1.vcxproj", "{C1C2CFA6-50A7-453E-A18A-4DF8B162230B}"
EndProject
Project("{8BC9CEB8-8B4A-11D0-8D11-00A0C91BC942}") = "Project2", "Project2\Project2.vcxproj", "{453DB611-157D-4561-BEBE-F1156CC0BB10}"
EndProject
Project("{8BC9CEB8-8B4A-11D0-8D11-00A0C91BC942}") = "Project3", "Project3\Project3.vcxproj", "{52C4107F-0F6F-419E-A369-C32A807E23E1}"
EndProject
Project("{8BC9CEB8-8B4A-11D0-8D11-00A0C91BC942}") = "Project4", "Project4\Project4.vcxproj", "{80CA77D2-2324-46F7-9CF9-E07B03CCB8E2}"
EndProject
Project("{8BC9CEB8-8B4A-11D0-8D11-00A0C91BC942}") = "Project5", "Project5\Project5.vcxproj", "{A6997E4A-6DE6-4155-8858-9AD947A021EE}"
EndProject
Project("{8BC9CEB8-8B4A-11D0-8D11-00A0C91BC942}") = "Project7", "Project7\Project7.vcxproj", "{434EF435-C283-4AD8-8EA8-BA1BFE425044}"
EndProject
Project("{8BC9CEB8-8B4A-11D0-8D11-00A0C91BC942}") = "Project8", "Project8\Project8.vcxproj", "{C7F6F736-935C-48C0-A0AA-04DFDDB77337}"
EndProject
Project("{8BC9CEB8-8B4A-11D0-8D11-00A0C91BC942}") = "Project9", "Project9\Project9.vcxproj", "{E153C606-FEA1-45FB-A1B9-25C54989D112}"
EndProject
Project("{8BC9CEB8-8B4A-11D0-8D11-00A0C91BC942}") = "Project9-2", "Project9-2\Project9-2.vcxproj", "{E4D75453-3D5B-41A1-A917-A790A2B96E43}"
EndProject
Project("{8BC9CEB8-8B4A-11D0-8D11-00A0C91BC942}") = "Project9.2", "Project9.2\Project9.2.vcxproj", "{FEC37094-A6FE-4966-9067-BBEAD7FE7869}"
EndProject
Project("{8BC9CEB8-8B4A-11D0-8D11-00A0C91BC942}") = "Project10", "Project10\Project10.vcxproj", "{FA4AA757-97B8-456C-8F1C-F1959C3D6618}"
EndProject
Global
	GlobalSection(SolutionConfigurationPlatforms) = preSolution
		Debug|x64 = Debug|x64
		Debug|x86 = Debug|x86
		Release|x64 = Release|x64
		Release|x86 = Release|x86
	EndGlobalSection
	GlobalSection(ProjectConfigurationPlatforms) = postSolution
		{C1C2CFA6-50A7-453E-A18A-4DF8B162230B}.Debug|x64.ActiveCfg = Debug|x64
		{C1C2CFA6-50A7-453E-A18A-4DF8B162230B}.Debug|x64.Build.0 = Debug|x64
		{C1C2CFA6-50A7-453E-A18A-4DF8B162230B}.Debug|x86.ActiveCfg = Debug|Win32
		{C1C2CFA6-50A7-453E-A18A-4DF8B162230B}.Debug|x86.Build.0 = Debug|Win32
		{C1C2CFA6-50A7-453E-A18A-4DF8B162230B}.Release|x64.ActiveCfg = Release|x64
		{C1C2CFA6-50A7-453E-A18A-4DF8B162230B}.Release|x64.Build.0 = Release|x64
		{C1C2CFA6-50A7-453E-A18A-4DF8B162230B}.Release|x86.ActiveCfg = Release|Win32
		{C1C2CFA6-50A7-453E-A18A-4DF8B162230B}.Release|x86.Build.0 = Release|Win32
		{453DB611-157D-4561-BEBE-F1156CC0BB10}.Debug|x64.ActiveCfg = Debug|x64
		{453DB611-157D-4561-BEBE-F1156CC0BB10}.Debug|x64.Build.0 = Debug|x64
		{453DB611-157D-4561-BEBE-F1156CC0BB10}.Debug|x86.ActiveCfg = Debug|Win32
		{453DB611-157D-4561-BEBE-F1156CC0BB10}.Debug|x86.Build.0 = Debug|Win32
		{453DB611-157D-4561-BEBE-F1156CC0BB10}.Release|x64.ActiveCfg = Release|x64
		{453DB611-157D-4561-BEBE-F1156CC0BB10}.Release|x64.Build.0 = Release|x64
		{453DB611-157D-4561-BEBE-F1156CC0BB10}.Release|x86.ActiveCfg = Release|Win32
		{453DB611-157D-4561-BEBE-F1156CC0BB10}.Release|x86.Build.0 = Release|Win32
		{52C4107F-0F6F-419E-A369-C32A807E23E1}.Debug|x64.ActiveCfg = Debug|x64
		{52C4107F-0F6F-419E-A369-C32A807E23E1}.Debug|x64.Build.0 = Debug|x64
		{52C4107F-0F6F-419E-A369-C32A807E23E1}.Debug|x86.ActiveCfg = Debug|Win32
		{52C4107F-0F6F-419E-A369-C32A807E23E1}.Debug|x86.Build.0 = Debug|Win32
		{52C4107F-0F6F-419E-A369-C32A807E23E1}.Release|x64.ActiveCfg = Release|x64
		{52C4107F-0F6F-419E-A369-C32A807E23E1}.Release|x64.Build.0 = Release|x64
		{52C4107F-0F6F-419E-A369-C32A807E23E1}.Release|x86.ActiveCfg = Release|Win32
		{52C4107F-0F6F-419E-A369-C32A807E23E1}.Release|x86.Build.0 = Release|Win32
		{80CA77D2-2324-46F7-9CF9-E07B03CCB8E2}.Debug|x64.ActiveCfg = Debug|x64
		{80CA77D2-2324-46F7-9CF9-E07B03CCB8E2}.Debug|x64.Build.0 = Debug|x64
		{80CA77D2-2324-46F7-9CF9-E07B03CCB8E2}.Debug|x86.ActiveCfg = Debug|Win32
		{80CA77D2-2324-46F7-9CF9-E07B03CCB8E2}.Debug|x86.Build.0 = Debug|Win32
		{80CA77D2-2324-46F7-9CF9-E07B03CCB8E2}.Release|x64.ActiveCfg = Release|x64
		{80CA77D2-2324-46F7-9CF9-E07B03CCB8E2}.Release|x64.Build.0 = Release|x64
		{80CA77D2-2324-46F7-9CF9-E07B03CCB8E2}.Release|x86.ActiveCfg = Release|Win32
		{80CA77D2-2324-46F7-9CF9-E07B03CCB8E2}.Release|x86.Build.0 = Release|Win32
		{A6997E4A-6DE6-4155-8858-9AD947A021EE}.Debug|x64.ActiveCfg = Debug|x64
		{A6997E4A-6DE6-4155-8858-9AD947A021EE}.Debug|x64.Build.0 = Debug|x64
		{A6997E4A-6DE6-4155-8858-9AD947A021EE}.Debug|x86.ActiveCfg = Debug|Win32
		{A6997E4A-6DE6-4155-8858-9AD947A021EE}.Debug|x86.Build.0 = Debug|Win32
		{A6997E4A-6DE6-4155-8858-9AD947A021EE}.Release|x64.ActiveCfg = Release|x64
		{A6997E4A-6DE6-4155-8858-9AD947A021EE}.Release|x64.Build.0 = Release|x64
		{A6997E4A-6DE6-4155-8858-9AD947A021EE}.Release|x86.ActiveCfg = Release|Win32
		{A6997E4A-6DE6-4155-8858-9AD947A021EE}.Release|x86.Build.0 = Release|Win32
		{434EF435-C283-4AD8-8EA8-BA1BFE425044}.Debug|x64.ActiveCfg = Debug|x64
		{434EF435-C283-4AD8-8EA8-BA1BFE425044}.Debug|x64.Build.0 = Debug|x64
		{434EF435-C283-4AD8-8EA8-BA1BFE425044}.Debug|x86.ActiveCfg = Debug|Win32
		{434EF435-C283-4AD8-8EA8-BA1BFE425044}.Debug|x86.Build.0 = Debug|Win32
		{434EF435-C283-4AD8-8EA8-BA1BFE425044}.Release|x64.ActiveCfg = Release|x64
		{434EF435-C283-4AD8-8EA8-BA1BFE425044}.Release|x64.Build.0 = Release|x64
		{434EF435-C283-4AD8-8EA8-BA1BFE425044}.Release|x86.ActiveCfg = Release|Win32
		{434EF435-C283-4AD8-8EA8-BA1BFE425044}.Release|x86.Build.0 = Release|Win32
		{C7F6F736-935C-48C0-A0AA-04DFDDB77337}.Debug|x64.ActiveCfg = Debug|x64
		{C7F6F736-935C-48C0-A0AA-04DFDDB77337}.Debug|x64.Build.0 = Debug|x64
		{C7F6F736-935C-48C0-A0AA-04DFDDB77337}.Debug|x86.ActiveCfg = Debug|Win32
		{C7F6F736-935C-48C0-A0AA-04DFDDB77337}.Debug|x86.Build.0 = Debug|Win32
		{C7F6F736-935C-48C0-A0AA-04DFDDB77337}.Release|x64.ActiveCfg = Release|x64
		{C7F6F736-935C-48C0-A0AA-04DFDDB77337}.Release|x64.Build.0 = Release|x64
		{C7F6F736-935C-48C0-A0AA-04DFDDB77337}.Release|x86.ActiveCfg = Release|Win32
		{C7F6F736-935C-48C0-A0AA-04DFDDB77337}.Release|x86.Build.0 = Release|Win32
		{E153C606-FEA1-45FB-A1B9-25C54989D112}.Debug|x64.ActiveCfg = Debug|x64
		{E153C606-FEA1-45FB-A1B9-25C54989D112}.Debug|x64.Build.0 = Debug|x64
		{E153C606-FEA1-45FB-A1B9-25C54989D112}.Debug|x86.ActiveCfg = Debug|Win32
		{E153C606-FEA1-45FB-A1B9-25C54989D112}.Debug|x86.Build.0 = Debug|Win32
		{E153C606-FEA1-45FB-A1B9-25C54989D112}.Release|x64.ActiveCfg = Release|x64
		{E153C606-FEA1-45FB-A1B9-25C54989D112}.Release|x64.Build.0 = Release|x64
		{E153C606-FEA1-45FB-A1B9-25C54989D112}.Release|x86.ActiveCfg = Release|Win32
		{E153C606-FEA1-45FB-A1B9-25C54989D112}.Release|x86.Build.0 = Release|Win32
		{E4D75453-3D5B-41A1-A917-A790A2B96E43}.Debug|x64.ActiveCfg = Debug|x64
		{E4D75453-3D5B-41A1-A917-A790A2B96E43}.Debug|x64.Build.0 = Debug|x64
		{E4D75453-3D5B-41A1-A917-A790A2B96E43}.Debug|x86.ActiveCfg = Debug|Win32
		{E4D75453-3D5B-41A1-A917-A790A2B96E43}.Debug|x86.Build.0 = Debug|Win32
		{E4D75453-3D5B-41A1-A917-A790A2B96E43}.Release|x64.ActiveCfg = Release|x64
		{E4D75453-3D5B-41A1-A917-A790A2B96E43}.Release|x64.Build.0 = Release|x64
		{E4D75453-3D5B-41A1-A917-A790A2B96E43}.Release|x86.ActiveCfg = Release|Win32
		{E4D75453-3D5B-41A1-A917-A790A2B96E43}.Release|x86.Build.0 = Release|Win32
		{FEC37094-A6FE-4966-9067-BBEAD7FE7869}.Debug|x64.ActiveCfg = Debug|x64
		{FEC37094-A6FE-4966-9067-BBEAD7FE7869}.Debug|x64.Build.0 = Debug|x64
		{FEC37094-A6FE-4966-9067-BBEAD7FE7869}.Debug|x86.ActiveCfg = Debug|Win32
		{FEC37094-A6FE-4966-9067-BBEAD7FE7869}.Debug|x86.Build.0 = Debug|Win32
		{FEC37094-A6FE-4966-9067-BBEAD7FE7869}.Release|x64.ActiveCfg = Release|x64
		{FEC37094-A6FE-4966-9067-BBEAD7FE7869}.Release|x64.Build.0 = Release|x64
		{FEC37094-A6FE-4966-9067-BBEAD7FE7869}.Release|x86.ActiveCfg = Release|Win32
		{FEC37094-A6FE-4966-9067-BBEAD7FE7869}.Release|x86.Build.0 = Release|Win32
		{FA4AA757-97B8-456C-8F1C-F1959C3D6618}.Debug|x64.ActiveCfg = Debug|x64
		{FA4AA757-97B8-456C-8F1C-F1959C3D6618}.Debug|x64.Build.0 = Debug|x64
		{FA4AA757-97B8-456C-8F1C-F1959C3D6618}.Debug|x86.ActiveCfg = Debug|Win32
		{FA4AA757-97B8-456C-8F1C-F1959C3D6618}.Debug|x86.Build.0 = Debug|Win32
		{FA4AA757-97B8-456C-8F1C-F1959C3D6618}.Release|x64.ActiveCfg = Release|x64
		{FA4AA757-97B8-456C-8F1C-F1959C3D6618}.Release|x64.Build.0 = Release|x64
		{FA4AA757-97B8-456C-8F1C-F1959C3D6618}.Release|x86.ActiveCfg = Release|Win32
		{FA4AA757-97B8-456C-8F1C-F1959C3D6618}.Release|x86.Build.0 = Release|Win32
	EndGlobalSection
	GlobalSection(SolutionProperties) = preSolution
		HideSolutionNode = FALSE
	EndGlobalSection
	GlobalSection(ExtensibilityGlobals) = postSolution
		SolutionGuid = {6B01418E-9391-4E72-87A9-5BE125F14C75}
	EndGlobalSection
EndGlobal
